
Microsoft Visual Studio Solution File, Format Version 12.00
# Visual Studio Version 16
VisualStudioVersion = 16.0.30011.22
MinimumVisualStudioVersion = 10.0.40219.1
Project("{9A19103F-16F7-4668-BE54-9A1E7A4F7556}") = "TDT", "TDT\TDT.csproj", "{AC5F97BA-4FC1-404C-A5FA-31F46F3F5B81}"
EndProject
Project("{FAE04EC0-301F-11D3-BF4B-00C04F79EFBC}") = "TDT.Client", "TDT.Client\TDT.Client.csproj", "{9F37B1D9-500A-4EE4-89CA-09C7BD409576}"
EndProject
Project("{FAE04EC0-301F-11D3-BF4B-00C04F79EFBC}") = "TDT.Server", "TDT.Server\TDT.Server.csproj", "{0E7E6133-CCDE-4D35-819D-F416FE7E0C1D}"
EndProject
Global
	GlobalSection(SolutionConfigurationPlatforms) = preSolution
		Debug|Any CPU = Debug|Any CPU
		Release|Any CPU = Release|Any CPU
	EndGlobalSection
	GlobalSection(ProjectConfigurationPlatforms) = postSolution
		{AC5F97BA-4FC1-404C-A5FA-31F46F3F5B81}.Debug|Any CPU.ActiveCfg = Debug|Any CPU
		{AC5F97BA-4FC1-404C-A5FA-31F46F3F5B81}.Debug|Any CPU.Build.0 = Debug|Any CPU
		{AC5F97BA-4FC1-404C-A5FA-31F46F3F5B81}.Release|Any CPU.ActiveCfg = Release|Any CPU
		{AC5F97BA-4FC1-404C-A5FA-31F46F3F5B81}.Release|Any CPU.Build.0 = Release|Any CPU
		{9F37B1D9-500A-4EE4-89CA-09C7BD409576}.Debug|Any CPU.ActiveCfg = Debug|Any CPU
		{9F37B1D9-500A-4EE4-89CA-09C7BD409576}.Debug|Any CPU.Build.0 = Debug|Any CPU
		{9F37B1D9-500A-4EE4-89CA-09C7BD409576}.Release|Any CPU.ActiveCfg = Release|Any CPU
		{9F37B1D9-500A-4EE4-89CA-09C7BD409576}.Release|Any CPU.Build.0 = Release|Any CPU
		{0E7E6133-CCDE-4D35-819D-F416FE7E0C1D}.Debug|Any CPU.ActiveCfg = Debug|Any CPU
		{0E7E6133-CCDE-4D35-819D-F416FE7E0C1D}.Debug|Any CPU.Build.0 = Debug|Any CPU
		{0E7E6133-CCDE-4D35-819D-F416FE7E0C1D}.Release|Any CPU.ActiveCfg = Release|Any CPU
		{0E7E6133-CCDE-4D35-819D-F416FE7E0C1D}.Release|Any CPU.Build.0 = Release|Any CPU
	EndGlobalSection
	GlobalSection(SolutionProperties) = preSolution
		HideSolutionNode = FALSE
	EndGlobalSection
	GlobalSection(ExtensibilityGlobals) = postSolution
		SolutionGuid = {EC25ACEC-499A-48B5-8E4E-B24A9DBB9CA4}
	EndGlobalSection
EndGlobal
